
Microsoft Visual Studio Solution File, Format Version 12.00
# Visual Studio Version 17
VisualStudioVersion = 17.11.35327.3
MinimumVisualStudioVersion = 10.0.40219.1
Project("{FAE04EC0-301F-11D3-BF4B-00C04F79EFBC}") = "Exc1", "Exc1\Exc1.csproj", "{FEA93B27-E409-4E6A-B7A3-B816138A26B9}"
EndProject
Global
	GlobalSection(SolutionConfigurationPlatforms) = preSolution
		Debug|Any CPU = Debug|Any CPU
		Release|Any CPU = Release|Any CPU
	EndGlobalSection
	GlobalSection(ProjectConfigurationPlatforms) = postSolution
		{FEA93B27-E409-4E6A-B7A3-B816138A26B9}.Debug|Any CPU.ActiveCfg = Debug|Any CPU
		{FEA93B27-E409-4E6A-B7A3-B816138A26B9}.Debug|Any CPU.Build.0 = Debug|Any CPU
		{FEA93B27-E409-4E6A-B7A3-B816138A26B9}.Release|Any CPU.ActiveCfg = Release|Any CPU
		{FEA93B27-E409-4E6A-B7A3-B816138A26B9}.Release|Any CPU.Build.0 = Release|Any CPU
	EndGlobalSection
	GlobalSection(SolutionProperties) = preSolution
		HideSolutionNode = FALSE
	EndGlobalSection
	GlobalSection(ExtensibilityGlobals) = postSolution
		SolutionGuid = {F00D32E9-E97F-451E-99F8-89B2C60DB708}
	EndGlobalSection
EndGlobal
