
Microsoft Visual Studio Solution File, Format Version 12.00
# Visual Studio Version 17
VisualStudioVersion = 17.11.35327.3
MinimumVisualStudioVersion = 10.0.40219.1
Project("{9A19103F-16F7-4668-BE54-9A1E7A4F7556}") = "Demo1", "Demo1\Demo1.csproj", "{4283FDCB-4DED-487A-86FF-87CCCF2B7B6E}"
EndProject
Project("{9A19103F-16F7-4668-BE54-9A1E7A4F7556}") = "Demo2", "Demo2\Demo2.csproj", "{EE6F29F5-2E65-447D-8F3F-0CC5F862B268}"
EndProject
Project("{9A19103F-16F7-4668-BE54-9A1E7A4F7556}") = "Demo3", "Demo3\Demo3.csproj", "{82536A7D-AAE6-49FD-B53B-3004297B875E}"
EndProject
Project("{FAE04EC0-301F-11D3-BF4B-00C04F79EFBC}") = "Demo4", "Demo4\Demo4.csproj", "{AE9B5B6D-C56C-457A-997F-CF776EB71E8E}"
EndProject
Project("{FAE04EC0-301F-11D3-BF4B-00C04F79EFBC}") = "Demo5", "Demo5\Demo5.csproj", "{AD3434D7-9B93-424C-9FB8-8A58C1C53169}"
EndProject
Project("{FAE04EC0-301F-11D3-BF4B-00C04F79EFBC}") = "Demo6", "Demo6\Demo6.csproj", "{8AF78C85-15C5-4399-94E5-6F9B867FBB7A}"
EndProject
Project("{FAE04EC0-301F-11D3-BF4B-00C04F79EFBC}") = "Demo7", "Demo7\Demo7.csproj", "{9FDE0A94-3BB3-478E-ACA5-FFC9BC320D6B}"
EndProject
Global
	GlobalSection(SolutionConfigurationPlatforms) = preSolution
		Debug|Any CPU = Debug|Any CPU
		Release|Any CPU = Release|Any CPU
	EndGlobalSection
	GlobalSection(ProjectConfigurationPlatforms) = postSolution
		{4283FDCB-4DED-487A-86FF-87CCCF2B7B6E}.Debug|Any CPU.ActiveCfg = Debug|Any CPU
		{4283FDCB-4DED-487A-86FF-87CCCF2B7B6E}.Debug|Any CPU.Build.0 = Debug|Any CPU
		{4283FDCB-4DED-487A-86FF-87CCCF2B7B6E}.Release|Any CPU.ActiveCfg = Release|Any CPU
		{4283FDCB-4DED-487A-86FF-87CCCF2B7B6E}.Release|Any CPU.Build.0 = Release|Any CPU
		{EE6F29F5-2E65-447D-8F3F-0CC5F862B268}.Debug|Any CPU.ActiveCfg = Debug|Any CPU
		{EE6F29F5-2E65-447D-8F3F-0CC5F862B268}.Debug|Any CPU.Build.0 = Debug|Any CPU
		{EE6F29F5-2E65-447D-8F3F-0CC5F862B268}.Release|Any CPU.ActiveCfg = Release|Any CPU
		{EE6F29F5-2E65-447D-8F3F-0CC5F862B268}.Release|Any CPU.Build.0 = Release|Any CPU
		{82536A7D-AAE6-49FD-B53B-3004297B875E}.Debug|Any CPU.ActiveCfg = Debug|Any CPU
		{82536A7D-AAE6-49FD-B53B-3004297B875E}.Debug|Any CPU.Build.0 = Debug|Any CPU
		{82536A7D-AAE6-49FD-B53B-3004297B875E}.Release|Any CPU.ActiveCfg = Release|Any CPU
		{82536A7D-AAE6-49FD-B53B-3004297B875E}.Release|Any CPU.Build.0 = Release|Any CPU
		{AE9B5B6D-C56C-457A-997F-CF776EB71E8E}.Debug|Any CPU.ActiveCfg = Debug|Any CPU
		{AE9B5B6D-C56C-457A-997F-CF776EB71E8E}.Debug|Any CPU.Build.0 = Debug|Any CPU
		{AE9B5B6D-C56C-457A-997F-CF776EB71E8E}.Release|Any CPU.ActiveCfg = Release|Any CPU
		{AE9B5B6D-C56C-457A-997F-CF776EB71E8E}.Release|Any CPU.Build.0 = Release|Any CPU
		{AD3434D7-9B93-424C-9FB8-8A58C1C53169}.Debug|Any CPU.ActiveCfg = Debug|Any CPU
		{AD3434D7-9B93-424C-9FB8-8A58C1C53169}.Debug|Any CPU.Build.0 = Debug|Any CPU
		{AD3434D7-9B93-424C-9FB8-8A58C1C53169}.Release|Any CPU.ActiveCfg = Release|Any CPU
		{AD3434D7-9B93-424C-9FB8-8A58C1C53169}.Release|Any CPU.Build.0 = Release|Any CPU
		{8AF78C85-15C5-4399-94E5-6F9B867FBB7A}.Debug|Any CPU.ActiveCfg = Debug|Any CPU
		{8AF78C85-15C5-4399-94E5-6F9B867FBB7A}.Debug|Any CPU.Build.0 = Debug|Any CPU
		{8AF78C85-15C5-4399-94E5-6F9B867FBB7A}.Release|Any CPU.ActiveCfg = Release|Any CPU
		{8AF78C85-15C5-4399-94E5-6F9B867FBB7A}.Release|Any CPU.Build.0 = Release|Any CPU
		{9FDE0A94-3BB3-478E-ACA5-FFC9BC320D6B}.Debug|Any CPU.ActiveCfg = Debug|Any CPU
		{9FDE0A94-3BB3-478E-ACA5-FFC9BC320D6B}.Debug|Any CPU.Build.0 = Debug|Any CPU
		{9FDE0A94-3BB3-478E-ACA5-FFC9BC320D6B}.Release|Any CPU.ActiveCfg = Release|Any CPU
		{9FDE0A94-3BB3-478E-ACA5-FFC9BC320D6B}.Release|Any CPU.Build.0 = Release|Any CPU
	EndGlobalSection
	GlobalSection(SolutionProperties) = preSolution
		HideSolutionNode = FALSE
	EndGlobalSection
	GlobalSection(ExtensibilityGlobals) = postSolution
		SolutionGuid = {B387A775-ECF7-48E3-B71C-FF150EDA0DC0}
	EndGlobalSection
EndGlobal
